// !$*UTF8*$!
{
	archiveVersion = 1;
	classes = {
	};
	objectVersion = 50;
	objects = {

/* Begin PBXBuildFile section */
		EFB6BA1424888B4F00BF5E58 /* AppDelegate.swift in Sources */ = {isa = PBXBuildFile; fileRef = EFB6BA1324888B4F00BF5E58 /* AppDelegate.swift */; };
		EFB6BA1624888B4F00BF5E58 /* SceneDelegate.swift in Sources */ = {isa = PBXBuildFile; fileRef = EFB6BA1524888B4F00BF5E58 /* SceneDelegate.swift */; };
		EFB6BA1824888B4F00BF5E58 /* ViewController.swift in Sources */ = {isa = PBXBuildFile; fileRef = EFB6BA1724888B4F00BF5E58 /* ViewController.swift */; };
		EFB6BA1B24888B4F00BF5E58 /* Main.storyboard in Resources */ = {isa = PBXBuildFile; fileRef = EFB6BA1924888B4F00BF5E58 /* Main.storyboard */; };
		EFB6BA1D24888B5000BF5E58 /* Assets.xcassets in Resources */ = {isa = PBXBuildFile; fileRef = EFB6BA1C24888B5000BF5E58 /* Assets.xcassets */; };
		EFB6BA2024888B5000BF5E58 /* LaunchScreen.storyboard in Resources */ = {isa = PBXBuildFile; fileRef = EFB6BA1E24888B5000BF5E58 /* LaunchScreen.storyboard */; };
		EFB6BA2924888B9D00BF5E58 /* penguin@2x.png in Resources */ = {isa = PBXBuildFile; fileRef = EFB6BA2824888B9D00BF5E58 /* penguin@2x.png */; };
/* End PBXBuildFile section */

/* Begin PBXFileReference section */
		EFB6BA1024888B4F00BF5E58 /* Project15.app */ = {isa = PBXFileReference; explicitFileType = wrapper.application; includeInIndex = 0; path = Project15.app; sourceTree = BUILT_PRODUCTS_DIR; };
		EFB6BA1324888B4F00BF5E58 /* AppDelegate.swift */ = {isa = PBXFileReference; lastKnownFileType = sourcecode.swift; path = AppDelegate.swift; sourceTree = "<group>"; };
		EFB6BA1524888B4F00BF5E58 /* SceneDelegate.swift */ = {isa = PBXFileReference; lastKnownFileType = sourcecode.swift; path = SceneDelegate.swift; sourceTree = "<group>"; };
		EFB6BA1724888B4F00BF5E58 /* ViewController.swift */ = {isa = PBXFileReference; lastKnownFileType = sourcecode.swift; path = ViewController.swift; sourceTree = "<group>"; };
		EFB6BA1A24888B4F00BF5E58 /* Base */ = {isa = PBXFileReference; lastKnownFileType = file.storyboard; name = Base; path = Base.lproj/Main.storyboard; sourceTree = "<group>"; };
		EFB6BA1C24888B5000BF5E58 /* Assets.xcassets */ = {isa = PBXFileReference; lastKnownFileType = folder.assetcatalog; path = Assets.xcassets; sourceTree = "<group>"; };
		EFB6BA1F24888B5000BF5E58 /* Base */ = {isa = PBXFileReference; lastKnownFileType = file.storyboard; name = Base; path = Base.lproj/LaunchScreen.storyboard; sourceTree = "<group>"; };
		EFB6BA2124888B5000BF5E58 /* Info.plist */ = {isa = PBXFileReference; lastKnownFileType = text.plist.xml; path = Info.plist; sourceTree = "<group>"; };
		EFB6BA2824888B9D00BF5E58 /* penguin@2x.png */ = {isa = PBXFileReference; lastKnownFileType = image.png; path = "penguin@2x.png"; sourceTree = "<group>"; };
/* End PBXFileReference section */

/* Begin PBXFrameworksBuildPhase section */
		EFB6BA0D24888B4F00BF5E58 /* Frameworks */ = {
			isa = PBXFrameworksBuildPhase;
			buildActionMask = 2147483647;
			files = (
			);
			runOnlyForDeploymentPostprocessing = 0;
		};
/* End PBXFrameworksBuildPhase section */

/* Begin PBXGroup section */
		EFB6BA0724888B4F00BF5E58 = {
			isa = PBXGroup;
			children = (
				EFB6BA1224888B4F00BF5E58 /* Project15 */,
				EFB6BA1124888B4F00BF5E58 /* Products */,
				EFB6BA2724888B9D00BF5E58 /* Content */,
			);
			sourceTree = "<group>";
		};
		EFB6BA1124888B4F00BF5E58 /* Products */ = {
			isa = PBXGroup;
			children = (
				EFB6BA1024888B4F00BF5E58 /* Project15.app */,
			);
			name = Products;
			sourceTree = "<group>";
		};
		EFB6BA1224888B4F00BF5E58 /* Project15 */ = {
			isa = PBXGroup;
			children = (
				EFB6BA1324888B4F00BF5E58 /* AppDelegate.swift */,
				EFB6BA1524888B4F00BF5E58 /* SceneDelegate.swift */,
				EFB6BA1724888B4F00BF5E58 /* ViewController.swift */,
				EFB6BA1924888B4F00BF5E58 /* Main.storyboard */,
				EFB6BA1C24888B5000BF5E58 /* Assets.xcassets */,
				EFB6BA1E24888B5000BF5E58 /* LaunchScreen.storyboard */,
				EFB6BA2124888B5000BF5E58 /* Info.plist */,
			);
			path = Project15;
			sourceTree = "<group>";
		};
		EFB6BA2724888B9D00BF5E58 /* Content */ = {
			isa = PBXGroup;
			children = (
				EFB6BA2824888B9D00BF5E58 /* penguin@2x.png */,
			);
			path = Content;
			sourceTree = "<group>";
		};
/* End PBXGroup section */

/* Begin PBXNativeTarget section */
		EFB6BA0F24888B4F00BF5E58 /* Project15 */ = {
			isa = PBXNativeTarget;
			buildConfigurationList = EFB6BA2424888B5000BF5E58 /* Build configuration list for PBXNativeTarget "Project15" */;
			buildPhases = (
				EFB6BA0C24888B4F00BF5E58 /* Sources */,
				EFB6BA0D24888B4F00BF5E58 /* Frameworks */,
				EFB6BA0E24888B4F00BF5E58 /* Resources */,
			);
			buildRules = (
			);
			dependencies = (
			);
			name = Project15;
			productName = Project15;
			productReference = EFB6BA1024888B4F00BF5E58 /* Project15.app */;
			productType = "com.apple.product-type.application";
		};
/* End PBXNativeTarget section */

/* Begin PBXProject section */
		EFB6BA0824888B4F00BF5E58 /* Project object */ = {
			isa = PBXProject;
			attributes = {
				LastSwiftUpdateCheck = 1150;
				LastUpgradeCheck = 1150;
				ORGANIZATIONNAME = "Denis Sheikherev";
				TargetAttributes = {
					EFB6BA0F24888B4F00BF5E58 = {
						CreatedOnToolsVersion = 11.5;
					};
				};
			};
			buildConfigurationList = EFB6BA0B24888B4F00BF5E58 /* Build configuration list for PBXProject "Project15" */;
			compatibilityVersion = "Xcode 9.3";
			developmentRegion = en;
			hasScannedForEncodings = 0;
			knownRegions = (
				en,
				Base,
			);
			mainGroup = EFB6BA0724888B4F00BF5E58;
			productRefGroup = EFB6BA1124888B4F00BF5E58 /* Products */;
			projectDirPath = "";
			projectRoot = "";
			targets = (
				EFB6BA0F24888B4F00BF5E58 /* Project15 */,
			);
		};
/* End PBXProject section */

/* Begin PBXResourcesBuildPhase section */
		EFB6BA0E24888B4F00BF5E58 /* Resources */ = {
			isa = PBXResourcesBuildPhase;
			buildActionMask = 2147483647;
			files = (
				EFB6BA2024888B5000BF5E58 /* LaunchScreen.storyboard in Resources */,
				EFB6BA2924888B9D00BF5E58 /* penguin@2x.png in Resources */,
				EFB6BA1D24888B5000BF5E58 /* Assets.xcassets in Resources */,
				EFB6BA1B24888B4F00BF5E58 /* Main.storyboard in Resources */,
			);
			runOnlyForDeploymentPostprocessing = 0;
		};
/* End PBXResourcesBuildPhase section */

/* Begin PBXSourcesBuildPhase section */
		EFB6BA0C24888B4F00BF5E58 /* Sources */ = {
			isa = PBXSourcesBuildPhase;
			buildActionMask = 2147483647;
			files = (
				EFB6BA1824888B4F00BF5E58 /* ViewController.swift in Sources */,
				EFB6BA1424888B4F00BF5E58 /* AppDelegate.swift in Sources */,
				EFB6BA1624888B4F00BF5E58 /* SceneDelegate.swift in Sources */,
			);
			runOnlyForDeploymentPostprocessing = 0;
		};
/* End PBXSourcesBuildPhase section */

/* Begin PBXVariantGroup section */
		EFB6BA1924888B4F00BF5E58 /* Main.storyboard */ = {
			isa = PBXVariantGroup;
			children = (
				EFB6BA1A24888B4F00BF5E58 /* Base */,
			);
			name = Main.storyboard;
			sourceTree = "<group>";
		};
		EFB6BA1E24888B5000BF5E58 /* LaunchScreen.storyboard */ = {
			isa = PBXVariantGroup;
			children = (
				EFB6BA1F24888B5000BF5E58 /* Base */,
			);
			name = LaunchScreen.storyboard;
			sourceTree = "<group>";
		};
/* End PBXVariantGroup section */

/* Begin XCBuildConfiguration section */
		EFB6BA2224888B5000BF5E58 /* Debug */ = {
			isa = XCBuildConfiguration;
			buildSettings = {
				ALWAYS_SEARCH_USER_PATHS = NO;
				CLANG_ANALYZER_NONNULL = YES;
				CLANG_ANALYZER_NUMBER_OBJECT_CONVERSION = YES_AGGRESSIVE;
				CLANG_CXX_LANGUAGE_STANDARD = "gnu++14";
				CLANG_CXX_LIBRARY = "libc++";
				CLANG_ENABLE_MODULES = YES;
				CLANG_ENABLE_OBJC_ARC = YES;
				CLANG_ENABLE_OBJC_WEAK = YES;
				CLANG_WARN_BLOCK_CAPTURE_AUTORELEASING = YES;
				CLANG_WARN_BOOL_CONVERSION = YES;
				CLANG_WARN_COMMA = YES;
				CLANG_WARN_CONSTANT_CONVERSION = YES;
				CLANG_WARN_DEPRECATED_OBJC_IMPLEMENTATIONS = YES;
				CLANG_WARN_DIRECT_OBJC_ISA_USAGE = YES_ERROR;
				CLANG_WARN_DOCUMENTATION_COMMENTS = YES;
				CLANG_WARN_EMPTY_BODY = YES;
				CLANG_WARN_ENUM_CONVERSION = YES;
				CLANG_WARN_INFINITE_RECURSION = YES;
				CLANG_WARN_INT_CONVERSION = YES;
				CLANG_WARN_NON_LITERAL_NULL_CONVERSION = YES;
				CLANG_WARN_OBJC_IMPLICIT_RETAIN_SELF = YES;
				CLANG_WARN_OBJC_LITERAL_CONVERSION = YES;
				CLANG_WARN_OBJC_ROOT_CLASS = YES_ERROR;
				CLANG_WARN_RANGE_LOOP_ANALYSIS = YES;
				CLANG_WARN_STRICT_PROTOTYPES = YES;
				CLANG_WARN_SUSPICIOUS_MOVE = YES;
				CLANG_WARN_UNGUARDED_AVAILABILITY = YES_AGGRESSIVE;
				CLANG_WARN_UNREACHABLE_CODE = YES;
				CLANG_WARN__DUPLICATE_METHOD_MATCH = YES;
				COPY_PHASE_STRIP = NO;
				DEBUG_INFORMATION_FORMAT = dwarf;
				ENABLE_STRICT_OBJC_MSGSEND = YES;
				ENABLE_TESTABILITY = YES;
				GCC_C_LANGUAGE_STANDARD = gnu11;
				GCC_DYNAMIC_NO_PIC = NO;
				GCC_NO_COMMON_BLOCKS = YES;
				GCC_OPTIMIZATION_LEVEL = 0;
				GCC_PREPROCESSOR_DEFINITIONS = (
					"DEBUG=1",
					"$(inherited)",
				);
				GCC_WARN_64_TO_32_BIT_CONVERSION = YES;
				GCC_WARN_ABOUT_RETURN_TYPE = YES_ERROR;
				GCC_WARN_UNDECLARED_SELECTOR = YES;
				GCC_WARN_UNINITIALIZED_AUTOS = YES_AGGRESSIVE;
				GCC_WARN_UNUSED_FUNCTION = YES;
				GCC_WARN_UNUSED_VARIABLE = YES;
				IPHONEOS_DEPLOYMENT_TARGET = 13.5;
				MTL_ENABLE_DEBUG_INFO = INCLUDE_SOURCE;
				MTL_FAST_MATH = YES;
				ONLY_ACTIVE_ARCH = YES;
				SDKROOT = iphoneos;
				SWIFT_ACTIVE_COMPILATION_CONDITIONS = DEBUG;
				SWIFT_OPTIMIZATION_LEVEL = "-Onone";
			};
			name = Debug;
		};
		EFB6BA2324888B5000BF5E58 /* Release */ = {
			isa = XCBuildConfiguration;
			buildSettings = {
				ALWAYS_SEARCH_USER_PATHS = NO;
				CLANG_ANALYZER_NONNULL = YES;
				CLANG_ANALYZER_NUMBER_OBJECT_CONVERSION = YES_AGGRESSIVE;
				CLANG_CXX_LANGUAGE_STANDARD = "gnu++14";
				CLANG_CXX_LIBRARY = "libc++";
				CLANG_ENABLE_MODULES = YES;
				CLANG_ENABLE_OBJC_ARC = YES;
				CLANG_ENABLE_OBJC_WEAK = YES;
				CLANG_WARN_BLOCK_CAPTURE_AUTORELEASING = YES;
				CLANG_WARN_BOOL_CONVERSION = YES;
				CLANG_WARN_COMMA = YES;
				CLANG_WARN_CONSTANT_CONVERSION = YES;
				CLANG_WARN_DEPRECATED_OBJC_IMPLEMENTATIONS = YES;
				CLANG_WARN_DIRECT_OBJC_ISA_USAGE = YES_ERROR;
				CLANG_WARN_DOCUMENTATION_COMMENTS = YES;
				CLANG_WARN_EMPTY_BODY = YES;
				CLANG_WARN_ENUM_CONVERSION = YES;
				CLANG_WARN_INFINITE_RECURSION = YES;
				CLANG_WARN_INT_CONVERSION = YES;
				CLANG_WARN_NON_LITERAL_NULL_CONVERSION = YES;
				CLANG_WARN_OBJC_IMPLICIT_RETAIN_SELF = YES;
				CLANG_WARN_OBJC_LITERAL_CONVERSION = YES;
				CLANG_WARN_OBJC_ROOT_CLASS = YES_ERROR;
				CLANG_WARN_RANGE_LOOP_ANALYSIS = YES;
				CLANG_WARN_STRICT_PROTOTYPES = YES;
				CLANG_WARN_SUSPICIOUS_MOVE = YES;
				CLANG_WARN_UNGUARDED_AVAILABILITY = YES_AGGRESSIVE;
				CLANG_WARN_UNREACHABLE_CODE = YES;
				CLANG_WARN__DUPLICATE_METHOD_MATCH = YES;
				COPY_PHASE_STRIP = NO;
				DEBUG_INFORMATION_FORMAT = "dwarf-with-dsym";
				ENABLE_NS_ASSERTIONS = NO;
				ENABLE_STRICT_OBJC_MSGSEND = YES;
				GCC_C_LANGUAGE_STANDARD = gnu11;
				GCC_NO_COMMON_BLOCKS = YES;
				GCC_WARN_64_TO_32_BIT_CONVERSION = YES;
				GCC_WARN_ABOUT_RETURN_TYPE = YES_ERROR;
				GCC_WARN_UNDECLARED_SELECTOR = YES;
				GCC_WARN_UNINITIALIZED_AUTOS = YES_AGGRESSIVE;
				GCC_WARN_UNUSED_FUNCTION = YES;
				GCC_WARN_UNUSED_VARIABLE = YES;
				IPHONEOS_DEPLOYMENT_TARGET = 13.5;
				MTL_ENABLE_DEBUG_INFO = NO;
				MTL_FAST_MATH = YES;
				SDKROOT = iphoneos;
				SWIFT_COMPILATION_MODE = wholemodule;
				SWIFT_OPTIMIZATION_LEVEL = "-O";
				VALIDATE_PRODUCT = YES;
			};
			name = Release;
		};
		EFB6BA2524888B5000BF5E58 /* Debug */ = {
			isa = XCBuildConfiguration;
			buildSettings = {
				ASSETCATALOG_COMPILER_APPICON_NAME = AppIcon;
				CODE_SIGN_STYLE = Automatic;
				DEVELOPMENT_TEAM = UXR8P4SVD4;
				INFOPLIST_FILE = Project15/Info.plist;
				LD_RUNPATH_SEARCH_PATHS = (
					"$(inherited)",
					"@executable_path/Frameworks",
				);
				PRODUCT_BUNDLE_IDENTIFIER = "com.dsheikherev.day-57.Project15";
				PRODUCT_NAME = "$(TARGET_NAME)";
				SWIFT_VERSION = 5.0;
				TARGETED_DEVICE_FAMILY = 2;
			};
			name = Debug;
		};
		EFB6BA2624888B5000BF5E58 /* Release */ = {
			isa = XCBuildConfiguration;
			buildSettings = {
				ASSETCATALOG_COMPILER_APPICON_NAME = AppIcon;
				CODE_SIGN_STYLE = Automatic;
				DEVELOPMENT_TEAM = UXR8P4SVD4;
				INFOPLIST_FILE = Project15/Info.plist;
				LD_RUNPATH_SEARCH_PATHS = (
					"$(inherited)",
					"@executable_path/Frameworks",
				);
				PRODUCT_BUNDLE_IDENTIFIER = "com.dsheikherev.day-57.Project15";
				PRODUCT_NAME = "$(TARGET_NAME)";
				SWIFT_VERSION = 5.0;
				TARGETED_DEVICE_FAMILY = 2;
			};
			name = Release;
		};
/* End XCBuildConfiguration section */

/* Begin XCConfigurationList section */
		EFB6BA0B24888B4F00BF5E58 /* Build configuration list for PBXProject "Project15" */ = {
			isa = XCConfigurationList;
			buildConfigurations = (
				EFB6BA2224888B5000BF5E58 /* Debug */,
				EFB6BA2324888B5000BF5E58 /* Release */,
			);
			defaultConfigurationIsVisible = 0;
			defaultConfigurationName = Release;
		};
		EFB6BA2424888B5000BF5E58 /* Build configuration list for PBXNativeTarget "Project15" */ = {
			isa = XCConfigurationList;
			buildConfigurations = (
				EFB6BA2524888B5000BF5E58 /* Debug */,
				EFB6BA2624888B5000BF5E58 /* Release */,
			);
			defaultConfigurationIsVisible = 0;
			defaultConfigurationName = Release;
		};
/* End XCConfigurationList section */
	};
	rootObject = EFB6BA0824888B4F00BF5E58 /* Project object */;
}
