// !$*UTF8*$!
{
	archiveVersion = 1;
	classes = {
	};
	objectVersion = 50;
	objects = {

/* Begin PBXBuildFile section */
		EF661FC9240819AC0001A953 /* AppDelegate.swift in Sources */ = {isa = PBXBuildFile; fileRef = EF661FC8240819AC0001A953 /* AppDelegate.swift */; };
		EF661FCB240819AC0001A953 /* SceneDelegate.swift in Sources */ = {isa = PBXBuildFile; fileRef = EF661FCA240819AC0001A953 /* SceneDelegate.swift */; };
		EF661FCD240819AC0001A953 /* ViewController.swift in Sources */ = {isa = PBXBuildFile; fileRef = EF661FCC240819AC0001A953 /* ViewController.swift */; };
		EF661FD0240819AC0001A953 /* Main.storyboard in Resources */ = {isa = PBXBuildFile; fileRef = EF661FCE240819AC0001A953 /* Main.storyboard */; };
		EF661FD2240819AD0001A953 /* Assets.xcassets in Resources */ = {isa = PBXBuildFile; fileRef = EF661FD1240819AD0001A953 /* Assets.xcassets */; };
		EF661FD5240819AD0001A953 /* LaunchScreen.storyboard in Resources */ = {isa = PBXBuildFile; fileRef = EF661FD3240819AD0001A953 /* LaunchScreen.storyboard */; };
		EF66202524081AEE0001A953 /* ireland@3x.png in Resources */ = {isa = PBXBuildFile; fileRef = EF66200D24081AED0001A953 /* ireland@3x.png */; };
		EF66202624081AEE0001A953 /* italy@3x.png in Resources */ = {isa = PBXBuildFile; fileRef = EF66200E24081AED0001A953 /* italy@3x.png */; };
		EF66202824081AEE0001A953 /* spain@3x.png in Resources */ = {isa = PBXBuildFile; fileRef = EF66201024081AED0001A953 /* spain@3x.png */; };
		EF66202924081AEE0001A953 /* uk@3x.png in Resources */ = {isa = PBXBuildFile; fileRef = EF66201124081AED0001A953 /* uk@3x.png */; };
		EF66202D24081AEE0001A953 /* nigeria@3x.png in Resources */ = {isa = PBXBuildFile; fileRef = EF66201524081AED0001A953 /* nigeria@3x.png */; };
		EF66202F24081AEE0001A953 /* us@3x.png in Resources */ = {isa = PBXBuildFile; fileRef = EF66201724081AED0001A953 /* us@3x.png */; };
		EF66203124081AEE0001A953 /* estonia@3x.png in Resources */ = {isa = PBXBuildFile; fileRef = EF66201924081AEE0001A953 /* estonia@3x.png */; };
		EF66203224081AEE0001A953 /* russia@3x.png in Resources */ = {isa = PBXBuildFile; fileRef = EF66201A24081AEE0001A953 /* russia@3x.png */; };
		EF66203724081AEE0001A953 /* germany@3x.png in Resources */ = {isa = PBXBuildFile; fileRef = EF66201F24081AEE0001A953 /* germany@3x.png */; };
		EF66203824081AEE0001A953 /* poland@3x.png in Resources */ = {isa = PBXBuildFile; fileRef = EF66202024081AEE0001A953 /* poland@3x.png */; };
		EF66203A24081AEE0001A953 /* monaco@3x.png in Resources */ = {isa = PBXBuildFile; fileRef = EF66202224081AEE0001A953 /* monaco@3x.png */; };
		EF66203C24081AEE0001A953 /* france@3x.png in Resources */ = {isa = PBXBuildFile; fileRef = EF66202424081AEE0001A953 /* france@3x.png */; };
		EF66203E240A57670001A953 /* DetailViewController.swift in Sources */ = {isa = PBXBuildFile; fileRef = EF66203D240A57670001A953 /* DetailViewController.swift */; };
/* End PBXBuildFile section */

/* Begin PBXFileReference section */
		EF661FC5240819AC0001A953 /* Consolidation2.app */ = {isa = PBXFileReference; explicitFileType = wrapper.application; includeInIndex = 0; path = Consolidation2.app; sourceTree = BUILT_PRODUCTS_DIR; };
		EF661FC8240819AC0001A953 /* AppDelegate.swift */ = {isa = PBXFileReference; lastKnownFileType = sourcecode.swift; path = AppDelegate.swift; sourceTree = "<group>"; };
		EF661FCA240819AC0001A953 /* SceneDelegate.swift */ = {isa = PBXFileReference; lastKnownFileType = sourcecode.swift; path = SceneDelegate.swift; sourceTree = "<group>"; };
		EF661FCC240819AC0001A953 /* ViewController.swift */ = {isa = PBXFileReference; lastKnownFileType = sourcecode.swift; path = ViewController.swift; sourceTree = "<group>"; };
		EF661FCF240819AC0001A953 /* Base */ = {isa = PBXFileReference; lastKnownFileType = file.storyboard; name = Base; path = Base.lproj/Main.storyboard; sourceTree = "<group>"; };
		EF661FD1240819AD0001A953 /* Assets.xcassets */ = {isa = PBXFileReference; lastKnownFileType = folder.assetcatalog; path = Assets.xcassets; sourceTree = "<group>"; };
		EF661FD4240819AD0001A953 /* Base */ = {isa = PBXFileReference; lastKnownFileType = file.storyboard; name = Base; path = Base.lproj/LaunchScreen.storyboard; sourceTree = "<group>"; };
		EF661FD6240819AD0001A953 /* Info.plist */ = {isa = PBXFileReference; lastKnownFileType = text.plist.xml; path = Info.plist; sourceTree = "<group>"; };
		EF66200D24081AED0001A953 /* ireland@3x.png */ = {isa = PBXFileReference; lastKnownFileType = image.png; path = "ireland@3x.png"; sourceTree = "<group>"; };
		EF66200E24081AED0001A953 /* italy@3x.png */ = {isa = PBXFileReference; lastKnownFileType = image.png; path = "italy@3x.png"; sourceTree = "<group>"; };
		EF66201024081AED0001A953 /* spain@3x.png */ = {isa = PBXFileReference; lastKnownFileType = image.png; path = "spain@3x.png"; sourceTree = "<group>"; };
		EF66201124081AED0001A953 /* uk@3x.png */ = {isa = PBXFileReference; lastKnownFileType = image.png; path = "uk@3x.png"; sourceTree = "<group>"; };
		EF66201524081AED0001A953 /* nigeria@3x.png */ = {isa = PBXFileReference; lastKnownFileType = image.png; path = "nigeria@3x.png"; sourceTree = "<group>"; };
		EF66201724081AED0001A953 /* us@3x.png */ = {isa = PBXFileReference; lastKnownFileType = image.png; path = "us@3x.png"; sourceTree = "<group>"; };
		EF66201924081AEE0001A953 /* estonia@3x.png */ = {isa = PBXFileReference; lastKnownFileType = image.png; path = "estonia@3x.png"; sourceTree = "<group>"; };
		EF66201A24081AEE0001A953 /* russia@3x.png */ = {isa = PBXFileReference; lastKnownFileType = image.png; path = "russia@3x.png"; sourceTree = "<group>"; };
		EF66201F24081AEE0001A953 /* germany@3x.png */ = {isa = PBXFileReference; lastKnownFileType = image.png; path = "germany@3x.png"; sourceTree = "<group>"; };
		EF66202024081AEE0001A953 /* poland@3x.png */ = {isa = PBXFileReference; lastKnownFileType = image.png; path = "poland@3x.png"; sourceTree = "<group>"; };
		EF66202224081AEE0001A953 /* monaco@3x.png */ = {isa = PBXFileReference; lastKnownFileType = image.png; path = "monaco@3x.png"; sourceTree = "<group>"; };
		EF66202424081AEE0001A953 /* france@3x.png */ = {isa = PBXFileReference; lastKnownFileType = image.png; path = "france@3x.png"; sourceTree = "<group>"; };
		EF66203D240A57670001A953 /* DetailViewController.swift */ = {isa = PBXFileReference; lastKnownFileType = sourcecode.swift; path = DetailViewController.swift; sourceTree = "<group>"; };
/* End PBXFileReference section */

/* Begin PBXFrameworksBuildPhase section */
		EF661FC2240819AC0001A953 /* Frameworks */ = {
			isa = PBXFrameworksBuildPhase;
			buildActionMask = 2147483647;
			files = (
			);
			runOnlyForDeploymentPostprocessing = 0;
		};
/* End PBXFrameworksBuildPhase section */

/* Begin PBXGroup section */
		EF661FBC240819AC0001A953 = {
			isa = PBXGroup;
			children = (
				EF661FC7240819AC0001A953 /* Consolidation2 */,
				EF661FC6240819AC0001A953 /* Products */,
			);
			sourceTree = "<group>";
		};
		EF661FC6240819AC0001A953 /* Products */ = {
			isa = PBXGroup;
			children = (
				EF661FC5240819AC0001A953 /* Consolidation2.app */,
			);
			name = Products;
			sourceTree = "<group>";
		};
		EF661FC7240819AC0001A953 /* Consolidation2 */ = {
			isa = PBXGroup;
			children = (
				EF66200C24081ACB0001A953 /* Content */,
				EF661FC8240819AC0001A953 /* AppDelegate.swift */,
				EF661FCA240819AC0001A953 /* SceneDelegate.swift */,
				EF661FCC240819AC0001A953 /* ViewController.swift */,
				EF661FCE240819AC0001A953 /* Main.storyboard */,
				EF66203D240A57670001A953 /* DetailViewController.swift */,
				EF661FD1240819AD0001A953 /* Assets.xcassets */,
				EF661FD3240819AD0001A953 /* LaunchScreen.storyboard */,
				EF661FD6240819AD0001A953 /* Info.plist */,
			);
			path = Consolidation2;
			sourceTree = "<group>";
		};
		EF66200C24081ACB0001A953 /* Content */ = {
			isa = PBXGroup;
			children = (
				EF66201924081AEE0001A953 /* estonia@3x.png */,
				EF66202424081AEE0001A953 /* france@3x.png */,
				EF66201F24081AEE0001A953 /* germany@3x.png */,
				EF66200D24081AED0001A953 /* ireland@3x.png */,
				EF66200E24081AED0001A953 /* italy@3x.png */,
				EF66202224081AEE0001A953 /* monaco@3x.png */,
				EF66201524081AED0001A953 /* nigeria@3x.png */,
				EF66202024081AEE0001A953 /* poland@3x.png */,
				EF66201A24081AEE0001A953 /* russia@3x.png */,
				EF66201024081AED0001A953 /* spain@3x.png */,
				EF66201124081AED0001A953 /* uk@3x.png */,
				EF66201724081AED0001A953 /* us@3x.png */,
			);
			path = Content;
			sourceTree = "<group>";
		};
/* End PBXGroup section */

/* Begin PBXNativeTarget section */
		EF661FC4240819AC0001A953 /* Consolidation2 */ = {
			isa = PBXNativeTarget;
			buildConfigurationList = EF661FD9240819AD0001A953 /* Build configuration list for PBXNativeTarget "Consolidation2" */;
			buildPhases = (
				EF661FC1240819AC0001A953 /* Sources */,
				EF661FC2240819AC0001A953 /* Frameworks */,
				EF661FC3240819AC0001A953 /* Resources */,
			);
			buildRules = (
			);
			dependencies = (
			);
			name = Consolidation2;
			productName = Consolidation2;
			productReference = EF661FC5240819AC0001A953 /* Consolidation2.app */;
			productType = "com.apple.product-type.application";
		};
/* End PBXNativeTarget section */

/* Begin PBXProject section */
		EF661FBD240819AC0001A953 /* Project object */ = {
			isa = PBXProject;
			attributes = {
				LastSwiftUpdateCheck = 1130;
				LastUpgradeCheck = 1130;
				ORGANIZATIONNAME = "Denis Sheikherev";
				TargetAttributes = {
					EF661FC4240819AC0001A953 = {
						CreatedOnToolsVersion = 11.3.1;
					};
				};
			};
			buildConfigurationList = EF661FC0240819AC0001A953 /* Build configuration list for PBXProject "Consolidation2" */;
			compatibilityVersion = "Xcode 9.3";
			developmentRegion = en;
			hasScannedForEncodings = 0;
			knownRegions = (
				en,
				Base,
			);
			mainGroup = EF661FBC240819AC0001A953;
			productRefGroup = EF661FC6240819AC0001A953 /* Products */;
			projectDirPath = "";
			projectRoot = "";
			targets = (
				EF661FC4240819AC0001A953 /* Consolidation2 */,
			);
		};
/* End PBXProject section */

/* Begin PBXResourcesBuildPhase section */
		EF661FC3240819AC0001A953 /* Resources */ = {
			isa = PBXResourcesBuildPhase;
			buildActionMask = 2147483647;
			files = (
				EF66202F24081AEE0001A953 /* us@3x.png in Resources */,
				EF661FD5240819AD0001A953 /* LaunchScreen.storyboard in Resources */,
				EF66202624081AEE0001A953 /* italy@3x.png in Resources */,
				EF66203224081AEE0001A953 /* russia@3x.png in Resources */,
				EF661FD2240819AD0001A953 /* Assets.xcassets in Resources */,
				EF661FD0240819AC0001A953 /* Main.storyboard in Resources */,
				EF66203C24081AEE0001A953 /* france@3x.png in Resources */,
				EF66202D24081AEE0001A953 /* nigeria@3x.png in Resources */,
				EF66203724081AEE0001A953 /* germany@3x.png in Resources */,
				EF66202524081AEE0001A953 /* ireland@3x.png in Resources */,
				EF66202824081AEE0001A953 /* spain@3x.png in Resources */,
				EF66202924081AEE0001A953 /* uk@3x.png in Resources */,
				EF66203824081AEE0001A953 /* poland@3x.png in Resources */,
				EF66203A24081AEE0001A953 /* monaco@3x.png in Resources */,
				EF66203124081AEE0001A953 /* estonia@3x.png in Resources */,
			);
			runOnlyForDeploymentPostprocessing = 0;
		};
/* End PBXResourcesBuildPhase section */

/* Begin PBXSourcesBuildPhase section */
		EF661FC1240819AC0001A953 /* Sources */ = {
			isa = PBXSourcesBuildPhase;
			buildActionMask = 2147483647;
			files = (
				EF661FCD240819AC0001A953 /* ViewController.swift in Sources */,
				EF661FC9240819AC0001A953 /* AppDelegate.swift in Sources */,
				EF661FCB240819AC0001A953 /* SceneDelegate.swift in Sources */,
				EF66203E240A57670001A953 /* DetailViewController.swift in Sources */,
			);
			runOnlyForDeploymentPostprocessing = 0;
		};
/* End PBXSourcesBuildPhase section */

/* Begin PBXVariantGroup section */
		EF661FCE240819AC0001A953 /* Main.storyboard */ = {
			isa = PBXVariantGroup;
			children = (
				EF661FCF240819AC0001A953 /* Base */,
			);
			name = Main.storyboard;
			sourceTree = "<group>";
		};
		EF661FD3240819AD0001A953 /* LaunchScreen.storyboard */ = {
			isa = PBXVariantGroup;
			children = (
				EF661FD4240819AD0001A953 /* Base */,
			);
			name = LaunchScreen.storyboard;
			sourceTree = "<group>";
		};
/* End PBXVariantGroup section */

/* Begin XCBuildConfiguration section */
		EF661FD7240819AD0001A953 /* Debug */ = {
			isa = XCBuildConfiguration;
			buildSettings = {
				ALWAYS_SEARCH_USER_PATHS = NO;
				CLANG_ANALYZER_NONNULL = YES;
				CLANG_ANALYZER_NUMBER_OBJECT_CONVERSION = YES_AGGRESSIVE;
				CLANG_CXX_LANGUAGE_STANDARD = "gnu++14";
				CLANG_CXX_LIBRARY = "libc++";
				CLANG_ENABLE_MODULES = YES;
				CLANG_ENABLE_OBJC_ARC = YES;
				CLANG_ENABLE_OBJC_WEAK = YES;
				CLANG_WARN_BLOCK_CAPTURE_AUTORELEASING = YES;
				CLANG_WARN_BOOL_CONVERSION = YES;
				CLANG_WARN_COMMA = YES;
				CLANG_WARN_CONSTANT_CONVERSION = YES;
				CLANG_WARN_DEPRECATED_OBJC_IMPLEMENTATIONS = YES;
				CLANG_WARN_DIRECT_OBJC_ISA_USAGE = YES_ERROR;
				CLANG_WARN_DOCUMENTATION_COMMENTS = YES;
				CLANG_WARN_EMPTY_BODY = YES;
				CLANG_WARN_ENUM_CONVERSION = YES;
				CLANG_WARN_INFINITE_RECURSION = YES;
				CLANG_WARN_INT_CONVERSION = YES;
				CLANG_WARN_NON_LITERAL_NULL_CONVERSION = YES;
				CLANG_WARN_OBJC_IMPLICIT_RETAIN_SELF = YES;
				CLANG_WARN_OBJC_LITERAL_CONVERSION = YES;
				CLANG_WARN_OBJC_ROOT_CLASS = YES_ERROR;
				CLANG_WARN_RANGE_LOOP_ANALYSIS = YES;
				CLANG_WARN_STRICT_PROTOTYPES = YES;
				CLANG_WARN_SUSPICIOUS_MOVE = YES;
				CLANG_WARN_UNGUARDED_AVAILABILITY = YES_AGGRESSIVE;
				CLANG_WARN_UNREACHABLE_CODE = YES;
				CLANG_WARN__DUPLICATE_METHOD_MATCH = YES;
				COPY_PHASE_STRIP = NO;
				DEBUG_INFORMATION_FORMAT = dwarf;
				ENABLE_STRICT_OBJC_MSGSEND = YES;
				ENABLE_TESTABILITY = YES;
				GCC_C_LANGUAGE_STANDARD = gnu11;
				GCC_DYNAMIC_NO_PIC = NO;
				GCC_NO_COMMON_BLOCKS = YES;
				GCC_OPTIMIZATION_LEVEL = 0;
				GCC_PREPROCESSOR_DEFINITIONS = (
					"DEBUG=1",
					"$(inherited)",
				);
				GCC_WARN_64_TO_32_BIT_CONVERSION = YES;
				GCC_WARN_ABOUT_RETURN_TYPE = YES_ERROR;
				GCC_WARN_UNDECLARED_SELECTOR = YES;
				GCC_WARN_UNINITIALIZED_AUTOS = YES_AGGRESSIVE;
				GCC_WARN_UNUSED_FUNCTION = YES;
				GCC_WARN_UNUSED_VARIABLE = YES;
				IPHONEOS_DEPLOYMENT_TARGET = 13.2;
				MTL_ENABLE_DEBUG_INFO = INCLUDE_SOURCE;
				MTL_FAST_MATH = YES;
				ONLY_ACTIVE_ARCH = YES;
				SDKROOT = iphoneos;
				SWIFT_ACTIVE_COMPILATION_CONDITIONS = DEBUG;
				SWIFT_OPTIMIZATION_LEVEL = "-Onone";
			};
			name = Debug;
		};
		EF661FD8240819AD0001A953 /* Release */ = {
			isa = XCBuildConfiguration;
			buildSettings = {
				ALWAYS_SEARCH_USER_PATHS = NO;
				CLANG_ANALYZER_NONNULL = YES;
				CLANG_ANALYZER_NUMBER_OBJECT_CONVERSION = YES_AGGRESSIVE;
				CLANG_CXX_LANGUAGE_STANDARD = "gnu++14";
				CLANG_CXX_LIBRARY = "libc++";
				CLANG_ENABLE_MODULES = YES;
				CLANG_ENABLE_OBJC_ARC = YES;
				CLANG_ENABLE_OBJC_WEAK = YES;
				CLANG_WARN_BLOCK_CAPTURE_AUTORELEASING = YES;
				CLANG_WARN_BOOL_CONVERSION = YES;
				CLANG_WARN_COMMA = YES;
				CLANG_WARN_CONSTANT_CONVERSION = YES;
				CLANG_WARN_DEPRECATED_OBJC_IMPLEMENTATIONS = YES;
				CLANG_WARN_DIRECT_OBJC_ISA_USAGE = YES_ERROR;
				CLANG_WARN_DOCUMENTATION_COMMENTS = YES;
				CLANG_WARN_EMPTY_BODY = YES;
				CLANG_WARN_ENUM_CONVERSION = YES;
				CLANG_WARN_INFINITE_RECURSION = YES;
				CLANG_WARN_INT_CONVERSION = YES;
				CLANG_WARN_NON_LITERAL_NULL_CONVERSION = YES;
				CLANG_WARN_OBJC_IMPLICIT_RETAIN_SELF = YES;
				CLANG_WARN_OBJC_LITERAL_CONVERSION = YES;
				CLANG_WARN_OBJC_ROOT_CLASS = YES_ERROR;
				CLANG_WARN_RANGE_LOOP_ANALYSIS = YES;
				CLANG_WARN_STRICT_PROTOTYPES = YES;
				CLANG_WARN_SUSPICIOUS_MOVE = YES;
				CLANG_WARN_UNGUARDED_AVAILABILITY = YES_AGGRESSIVE;
				CLANG_WARN_UNREACHABLE_CODE = YES;
				CLANG_WARN__DUPLICATE_METHOD_MATCH = YES;
				COPY_PHASE_STRIP = NO;
				DEBUG_INFORMATION_FORMAT = "dwarf-with-dsym";
				ENABLE_NS_ASSERTIONS = NO;
				ENABLE_STRICT_OBJC_MSGSEND = YES;
				GCC_C_LANGUAGE_STANDARD = gnu11;
				GCC_NO_COMMON_BLOCKS = YES;
				GCC_WARN_64_TO_32_BIT_CONVERSION = YES;
				GCC_WARN_ABOUT_RETURN_TYPE = YES_ERROR;
				GCC_WARN_UNDECLARED_SELECTOR = YES;
				GCC_WARN_UNINITIALIZED_AUTOS = YES_AGGRESSIVE;
				GCC_WARN_UNUSED_FUNCTION = YES;
				GCC_WARN_UNUSED_VARIABLE = YES;
				IPHONEOS_DEPLOYMENT_TARGET = 13.2;
				MTL_ENABLE_DEBUG_INFO = NO;
				MTL_FAST_MATH = YES;
				SDKROOT = iphoneos;
				SWIFT_COMPILATION_MODE = wholemodule;
				SWIFT_OPTIMIZATION_LEVEL = "-O";
				VALIDATE_PRODUCT = YES;
			};
			name = Release;
		};
		EF661FDA240819AD0001A953 /* Debug */ = {
			isa = XCBuildConfiguration;
			buildSettings = {
				ASSETCATALOG_COMPILER_APPICON_NAME = AppIcon;
				CODE_SIGN_STYLE = Automatic;
				DEVELOPMENT_TEAM = UXR8P4SVD4;
				INFOPLIST_FILE = Consolidation2/Info.plist;
				LD_RUNPATH_SEARCH_PATHS = (
					"$(inherited)",
					"@executable_path/Frameworks",
				);
				PRODUCT_BUNDLE_IDENTIFIER = "com.dsheikherev.day-23.Consolidation2";
				PRODUCT_NAME = "$(TARGET_NAME)";
				SWIFT_VERSION = 5.0;
				TARGETED_DEVICE_FAMILY = "1,2";
			};
			name = Debug;
		};
		EF661FDB240819AD0001A953 /* Release */ = {
			isa = XCBuildConfiguration;
			buildSettings = {
				ASSETCATALOG_COMPILER_APPICON_NAME = AppIcon;
				CODE_SIGN_STYLE = Automatic;
				DEVELOPMENT_TEAM = UXR8P4SVD4;
				INFOPLIST_FILE = Consolidation2/Info.plist;
				LD_RUNPATH_SEARCH_PATHS = (
					"$(inherited)",
					"@executable_path/Frameworks",
				);
				PRODUCT_BUNDLE_IDENTIFIER = "com.dsheikherev.day-23.Consolidation2";
				PRODUCT_NAME = "$(TARGET_NAME)";
				SWIFT_VERSION = 5.0;
				TARGETED_DEVICE_FAMILY = "1,2";
			};
			name = Release;
		};
/* End XCBuildConfiguration section */

/* Begin XCConfigurationList section */
		EF661FC0240819AC0001A953 /* Build configuration list for PBXProject "Consolidation2" */ = {
			isa = XCConfigurationList;
			buildConfigurations = (
				EF661FD7240819AD0001A953 /* Debug */,
				EF661FD8240819AD0001A953 /* Release */,
			);
			defaultConfigurationIsVisible = 0;
			defaultConfigurationName = Release;
		};
		EF661FD9240819AD0001A953 /* Build configuration list for PBXNativeTarget "Consolidation2" */ = {
			isa = XCConfigurationList;
			buildConfigurations = (
				EF661FDA240819AD0001A953 /* Debug */,
				EF661FDB240819AD0001A953 /* Release */,
			);
			defaultConfigurationIsVisible = 0;
			defaultConfigurationName = Release;
		};
/* End XCConfigurationList section */
	};
	rootObject = EF661FBD240819AC0001A953 /* Project object */;
}
